github.com/zhangyiming748/replace v0.0.3 h1:TfKG0PYgi39s3rW44F0YuXLpT0J5NrUQ94s1VAfbwt0=
github.com/zhangyiming748/replace v0.0.3/go.mod h1:R3otYn+0qxaHOVaz0LafMwoDjhTexJijrLgfcDyOYCQ=
github.com/zhangyiming748/voiceAlert v0.0.4 h1:z6X/3THWle8XENBpmgidfFc3Rfsm0Im28oIYKt2FCso=
github.com/zhangyiming748/voiceAlert v0.0.4/go.mod h1:ReSkuJK/eAGpWs1k5MvAAe2WTKKQly6LzbOZ6FoHk6Y=
