github.com/zhangyiming748/replace v0.0.4 h1:MttKBU+2pFNofExc1oUY0vaEsRV0lGiAyPSdyIn7/Co=
github.com/zhangyiming748/replace v0.0.4/go.mod h1:R3otYn+0qxaHOVaz0LafMwoDjhTexJijrLgfcDyOYCQ=
github.com/zhangyiming748/voiceAlert v0.0.5 h1:7qQV8fKCrM1VShAU4gYcMjDmzl0KTg+hpKh83+KliCw=
github.com/zhangyiming748/voiceAlert v0.0.5/go.mod h1:ReSkuJK/eAGpWs1k5MvAAe2WTKKQly6LzbOZ6FoHk6Y=
